// !$*UTF8*$!
{
	archiveVersion = 1;
	classes = {
	};
	objectVersion = 46;
	objects = {

/* Begin PBXBuildFile section */
		F41976361BB55A3600DF9AEF /* main.m in Sources */ = {isa = PBXBuildFile; fileRef = F41976351BB55A3600DF9AEF /* main.m */; };
		F41976391BB55A3600DF9AEF /* AppDelegate.m in Sources */ = {isa = PBXBuildFile; fileRef = F41976381BB55A3600DF9AEF /* AppDelegate.m */; };
		F419763C1BB55A3600DF9AEF /* MainViewController.m in Sources */ = {isa = PBXBuildFile; fileRef = F419763B1BB55A3600DF9AEF /* MainViewController.m */; };
		F419763F1BB55A3600DF9AEF /* Main.storyboard in Resources */ = {isa = PBXBuildFile; fileRef = F419763D1BB55A3600DF9AEF /* Main.storyboard */; };
		F41976411BB55A3600DF9AEF /* Assets.xcassets in Resources */ = {isa = PBXBuildFile; fileRef = F41976401BB55A3600DF9AEF /* Assets.xcassets */; };
		F41976441BB55A3600DF9AEF /* LaunchScreen.storyboard in Resources */ = {isa = PBXBuildFile; fileRef = F41976421BB55A3600DF9AEF /* LaunchScreen.storyboard */; };
		F419764F1BB55A3600DF9AEF /* ThreeDimensionalTouchSampleTests.m in Sources */ = {isa = PBXBuildFile; fileRef = F419764E1BB55A3600DF9AEF /* ThreeDimensionalTouchSampleTests.m */; };
		F419765A1BB55A3600DF9AEF /* ThreeDimensionalTouchSampleUITests.m in Sources */ = {isa = PBXBuildFile; fileRef = F41976591BB55A3600DF9AEF /* ThreeDimensionalTouchSampleUITests.m */; };
		F41976691BB565D700DF9AEF /* DrawView.m in Sources */ = {isa = PBXBuildFile; fileRef = F41976681BB565D700DF9AEF /* DrawView.m */; settings = {ASSET_TAGS = (); }; };
/* End PBXBuildFile section */

/* Begin PBXContainerItemProxy section */
		F419764B1BB55A3600DF9AEF /* PBXContainerItemProxy */ = {
			isa = PBXContainerItemProxy;
			containerPortal = F41976291BB55A3600DF9AEF /* Project object */;
			proxyType = 1;
			remoteGlobalIDString = F41976301BB55A3600DF9AEF;
			remoteInfo = ThreeDimensionalTouchSample;
		};
		F41976561BB55A3600DF9AEF /* PBXContainerItemProxy */ = {
			isa = PBXContainerItemProxy;
			containerPortal = F41976291BB55A3600DF9AEF /* Project object */;
			proxyType = 1;
			remoteGlobalIDString = F41976301BB55A3600DF9AEF;
			remoteInfo = ThreeDimensionalTouchSample;
		};
/* End PBXContainerItemProxy section */

/* Begin PBXFileReference section */
		F41976311BB55A3600DF9AEF /* ThreeDimensionalTouchSample.app */ = {isa = PBXFileReference; explicitFileType = wrapper.application; includeInIndex = 0; path = ThreeDimensionalTouchSample.app; sourceTree = BUILT_PRODUCTS_DIR; };
		F41976351BB55A3600DF9AEF /* main.m */ = {isa = PBXFileReference; lastKnownFileType = sourcecode.c.objc; path = main.m; sourceTree = "<group>"; };
		F41976371BB55A3600DF9AEF /* AppDelegate.h */ = {isa = PBXFileReference; lastKnownFileType = sourcecode.c.h; path = AppDelegate.h; sourceTree = "<group>"; };
		F41976381BB55A3600DF9AEF /* AppDelegate.m */ = {isa = PBXFileReference; lastKnownFileType = sourcecode.c.objc; path = AppDelegate.m; sourceTree = "<group>"; };
		F419763A1BB55A3600DF9AEF /* MainViewController.h */ = {isa = PBXFileReference; lastKnownFileType = sourcecode.c.h; path = MainViewController.h; sourceTree = "<group>"; };
		F419763B1BB55A3600DF9AEF /* MainViewController.m */ = {isa = PBXFileReference; lastKnownFileType = sourcecode.c.objc; path = MainViewController.m; sourceTree = "<group>"; };
		F419763E1BB55A3600DF9AEF /* Base */ = {isa = PBXFileReference; lastKnownFileType = file.storyboard; name = Base; path = Base.lproj/Main.storyboard; sourceTree = "<group>"; };
		F41976401BB55A3600DF9AEF /* Assets.xcassets */ = {isa = PBXFileReference; lastKnownFileType = folder.assetcatalog; path = Assets.xcassets; sourceTree = "<group>"; };
		F41976431BB55A3600DF9AEF /* Base */ = {isa = PBXFileReference; lastKnownFileType = file.storyboard; name = Base; path = Base.lproj/LaunchScreen.storyboard; sourceTree = "<group>"; };
		F41976451BB55A3600DF9AEF /* Info.plist */ = {isa = PBXFileReference; lastKnownFileType = text.plist.xml; path = Info.plist; sourceTree = "<group>"; };
		F419764A1BB55A3600DF9AEF /* ThreeDimensionalTouchSampleTests.xctest */ = {isa = PBXFileReference; explicitFileType = wrapper.cfbundle; includeInIndex = 0; path = ThreeDimensionalTouchSampleTests.xctest; sourceTree = BUILT_PRODUCTS_DIR; };
		F419764E1BB55A3600DF9AEF /* ThreeDimensionalTouchSampleTests.m */ = {isa = PBXFileReference; lastKnownFileType = sourcecode.c.objc; path = ThreeDimensionalTouchSampleTests.m; sourceTree = "<group>"; };
		F41976501BB55A3600DF9AEF /* Info.plist */ = {isa = PBXFileReference; lastKnownFileType = text.plist.xml; path = Info.plist; sourceTree = "<group>"; };
		F41976551BB55A3600DF9AEF /* ThreeDimensionalTouchSampleUITests.xctest */ = {isa = PBXFileReference; explicitFileType = wrapper.cfbundle; includeInIndex = 0; path = ThreeDimensionalTouchSampleUITests.xctest; sourceTree = BUILT_PRODUCTS_DIR; };
		F41976591BB55A3600DF9AEF /* ThreeDimensionalTouchSampleUITests.m */ = {isa = PBXFileReference; lastKnownFileType = sourcecode.c.objc; path = ThreeDimensionalTouchSampleUITests.m; sourceTree = "<group>"; };
		F419765B1BB55A3600DF9AEF /* Info.plist */ = {isa = PBXFileReference; lastKnownFileType = text.plist.xml; path = Info.plist; sourceTree = "<group>"; };
		F41976671BB565D700DF9AEF /* DrawView.h */ = {isa = PBXFileReference; fileEncoding = 4; lastKnownFileType = sourcecode.c.h; path = DrawView.h; sourceTree = "<group>"; };
		F41976681BB565D700DF9AEF /* DrawView.m */ = {isa = PBXFileReference; fileEncoding = 4; lastKnownFileType = sourcecode.c.objc; path = DrawView.m; sourceTree = "<group>"; };
/* End PBXFileReference section */

/* Begin PBXFrameworksBuildPhase section */
		F419762E1BB55A3600DF9AEF /* Frameworks */ = {
			isa = PBXFrameworksBuildPhase;
			buildActionMask = 2147483647;
			files = (
			);
			runOnlyForDeploymentPostprocessing = 0;
		};
		F41976471BB55A3600DF9AEF /* Frameworks */ = {
			isa = PBXFrameworksBuildPhase;
			buildActionMask = 2147483647;
			files = (
			);
			runOnlyForDeploymentPostprocessing = 0;
		};
		F41976521BB55A3600DF9AEF /* Frameworks */ = {
			isa = PBXFrameworksBuildPhase;
			buildActionMask = 2147483647;
			files = (
			);
			runOnlyForDeploymentPostprocessing = 0;
		};
/* End PBXFrameworksBuildPhase section */

/* Begin PBXGroup section */
		F41976281BB55A3600DF9AEF = {
			isa = PBXGroup;
			children = (
				F41976331BB55A3600DF9AEF /* ThreeDimensionalTouchSample */,
				F419764D1BB55A3600DF9AEF /* ThreeDimensionalTouchSampleTests */,
				F41976581BB55A3600DF9AEF /* ThreeDimensionalTouchSampleUITests */,
				F41976321BB55A3600DF9AEF /* Products */,
			);
			sourceTree = "<group>";
		};
		F41976321BB55A3600DF9AEF /* Products */ = {
			isa = PBXGroup;
			children = (
				F41976311BB55A3600DF9AEF /* ThreeDimensionalTouchSample.app */,
				F419764A1BB55A3600DF9AEF /* ThreeDimensionalTouchSampleTests.xctest */,
				F41976551BB55A3600DF9AEF /* ThreeDimensionalTouchSampleUITests.xctest */,
			);
			name = Products;
			sourceTree = "<group>";
		};
		F41976331BB55A3600DF9AEF /* ThreeDimensionalTouchSample */ = {
			isa = PBXGroup;
			children = (
				F41976371BB55A3600DF9AEF /* AppDelegate.h */,
				F41976381BB55A3600DF9AEF /* AppDelegate.m */,
				F419763A1BB55A3600DF9AEF /* MainViewController.h */,
				F419763B1BB55A3600DF9AEF /* MainViewController.m */,
				F41976671BB565D700DF9AEF /* DrawView.h */,
				F41976681BB565D700DF9AEF /* DrawView.m */,
				F419763D1BB55A3600DF9AEF /* Main.storyboard */,
				F41976401BB55A3600DF9AEF /* Assets.xcassets */,
				F41976421BB55A3600DF9AEF /* LaunchScreen.storyboard */,
				F41976451BB55A3600DF9AEF /* Info.plist */,
				F41976341BB55A3600DF9AEF /* Supporting Files */,
			);
			path = ThreeDimensionalTouchSample;
			sourceTree = "<group>";
		};
		F41976341BB55A3600DF9AEF /* Supporting Files */ = {
			isa = PBXGroup;
			children = (
				F41976351BB55A3600DF9AEF /* main.m */,
			);
			name = "Supporting Files";
			sourceTree = "<group>";
		};
		F419764D1BB55A3600DF9AEF /* ThreeDimensionalTouchSampleTests */ = {
			isa = PBXGroup;
			children = (
				F419764E1BB55A3600DF9AEF /* ThreeDimensionalTouchSampleTests.m */,
				F41976501BB55A3600DF9AEF /* Info.plist */,
			);
			path = ThreeDimensionalTouchSampleTests;
			sourceTree = "<group>";
		};
		F41976581BB55A3600DF9AEF /* ThreeDimensionalTouchSampleUITests */ = {
			isa = PBXGroup;
			children = (
				F41976591BB55A3600DF9AEF /* ThreeDimensionalTouchSampleUITests.m */,
				F419765B1BB55A3600DF9AEF /* Info.plist */,
			);
			path = ThreeDimensionalTouchSampleUITests;
			sourceTree = "<group>";
		};
/* End PBXGroup section */

/* Begin PBXNativeTarget section */
		F41976301BB55A3600DF9AEF /* ThreeDimensionalTouchSample */ = {
			isa = PBXNativeTarget;
			buildConfigurationList = F419765E1BB55A3600DF9AEF /* Build configuration list for PBXNativeTarget "ThreeDimensionalTouchSample" */;
			buildPhases = (
				F419762D1BB55A3600DF9AEF /* Sources */,
				F419762E1BB55A3600DF9AEF /* Frameworks */,
				F419762F1BB55A3600DF9AEF /* Resources */,
			);
			buildRules = (
			);
			dependencies = (
			);
			name = ThreeDimensionalTouchSample;
			productName = ThreeDimensionalTouchSample;
			productReference = F41976311BB55A3600DF9AEF /* ThreeDimensionalTouchSample.app */;
			productType = "com.apple.product-type.application";
		};
		F41976491BB55A3600DF9AEF /* ThreeDimensionalTouchSampleTests */ = {
			isa = PBXNativeTarget;
			buildConfigurationList = F41976611BB55A3600DF9AEF /* Build configuration list for PBXNativeTarget "ThreeDimensionalTouchSampleTests" */;
			buildPhases = (
				F41976461BB55A3600DF9AEF /* Sources */,
				F41976471BB55A3600DF9AEF /* Frameworks */,
				F41976481BB55A3600DF9AEF /* Resources */,
			);
			buildRules = (
			);
			dependencies = (
				F419764C1BB55A3600DF9AEF /* PBXTargetDependency */,
			);
			name = ThreeDimensionalTouchSampleTests;
			productName = ThreeDimensionalTouchSampleTests;
			productReference = F419764A1BB55A3600DF9AEF /* ThreeDimensionalTouchSampleTests.xctest */;
			productType = "com.apple.product-type.bundle.unit-test";
		};
		F41976541BB55A3600DF9AEF /* ThreeDimensionalTouchSampleUITests */ = {
			isa = PBXNativeTarget;
			buildConfigurationList = F41976641BB55A3600DF9AEF /* Build configuration list for PBXNativeTarget "ThreeDimensionalTouchSampleUITests" */;
			buildPhases = (
				F41976511BB55A3600DF9AEF /* Sources */,
				F41976521BB55A3600DF9AEF /* Frameworks */,
				F41976531BB55A3600DF9AEF /* Resources */,
			);
			buildRules = (
			);
			dependencies = (
				F41976571BB55A3600DF9AEF /* PBXTargetDependency */,
			);
			name = ThreeDimensionalTouchSampleUITests;
			productName = ThreeDimensionalTouchSampleUITests;
			productReference = F41976551BB55A3600DF9AEF /* ThreeDimensionalTouchSampleUITests.xctest */;
			productType = "com.apple.product-type.bundle.ui-testing";
		};
/* End PBXNativeTarget section */

/* Begin PBXProject section */
		F41976291BB55A3600DF9AEF /* Project object */ = {
			isa = PBXProject;
			attributes = {
				LastUpgradeCheck = 0700;
				TargetAttributes = {
					F41976301BB55A3600DF9AEF = {
						CreatedOnToolsVersion = 7.0;
						DevelopmentTeam = 7H36HA3H9D;
					};
					F41976491BB55A3600DF9AEF = {
						CreatedOnToolsVersion = 7.0;
						TestTargetID = F41976301BB55A3600DF9AEF;
					};
					F41976541BB55A3600DF9AEF = {
						CreatedOnToolsVersion = 7.0;
						TestTargetID = F41976301BB55A3600DF9AEF;
					};
				};
			};
			buildConfigurationList = F419762C1BB55A3600DF9AEF /* Build configuration list for PBXProject "ThreeDimensionalTouchSample" */;
			compatibilityVersion = "Xcode 3.2";
			developmentRegion = English;
			hasScannedForEncodings = 0;
			knownRegions = (
				en,
				Base,
			);
			mainGroup = F41976281BB55A3600DF9AEF;
			productRefGroup = F41976321BB55A3600DF9AEF /* Products */;
			projectDirPath = "";
			projectRoot = "";
			targets = (
				F41976301BB55A3600DF9AEF /* ThreeDimensionalTouchSample */,
				F41976491BB55A3600DF9AEF /* ThreeDimensionalTouchSampleTests */,
				F41976541BB55A3600DF9AEF /* ThreeDimensionalTouchSampleUITests */,
			);
		};
/* End PBXProject section */

/* Begin PBXResourcesBuildPhase section */
		F419762F1BB55A3600DF9AEF /* Resources */ = {
			isa = PBXResourcesBuildPhase;
			buildActionMask = 2147483647;
			files = (
				F41976441BB55A3600DF9AEF /* LaunchScreen.storyboard in Resources */,
				F41976411BB55A3600DF9AEF /* Assets.xcassets in Resources */,
				F419763F1BB55A3600DF9AEF /* Main.storyboard in Resources */,
			);
			runOnlyForDeploymentPostprocessing = 0;
		};
		F41976481BB55A3600DF9AEF /* Resources */ = {
			isa = PBXResourcesBuildPhase;
			buildActionMask = 2147483647;
			files = (
			);
			runOnlyForDeploymentPostprocessing = 0;
		};
		F41976531BB55A3600DF9AEF /* Resources */ = {
			isa = PBXResourcesBuildPhase;
			buildActionMask = 2147483647;
			files = (
			);
			runOnlyForDeploymentPostprocessing = 0;
		};
/* End PBXResourcesBuildPhase section */

/* Begin PBXSourcesBuildPhase section */
		F419762D1BB55A3600DF9AEF /* Sources */ = {
			isa = PBXSourcesBuildPhase;
			buildActionMask = 2147483647;
			files = (
				F41976691BB565D700DF9AEF /* DrawView.m in Sources */,
				F419763C1BB55A3600DF9AEF /* MainViewController.m in Sources */,
				F41976391BB55A3600DF9AEF /* AppDelegate.m in Sources */,
				F41976361BB55A3600DF9AEF /* main.m in Sources */,
			);
			runOnlyForDeploymentPostprocessing = 0;
		};
		F41976461BB55A3600DF9AEF /* Sources */ = {
			isa = PBXSourcesBuildPhase;
			buildActionMask = 2147483647;
			files = (
				F419764F1BB55A3600DF9AEF /* ThreeDimensionalTouchSampleTests.m in Sources */,
			);
			runOnlyForDeploymentPostprocessing = 0;
		};
		F41976511BB55A3600DF9AEF /* Sources */ = {
			isa = PBXSourcesBuildPhase;
			buildActionMask = 2147483647;
			files = (
				F419765A1BB55A3600DF9AEF /* ThreeDimensionalTouchSampleUITests.m in Sources */,
			);
			runOnlyForDeploymentPostprocessing = 0;
		};
/* End PBXSourcesBuildPhase section */

/* Begin PBXTargetDependency section */
		F419764C1BB55A3600DF9AEF /* PBXTargetDependency */ = {
			isa = PBXTargetDependency;
			target = F41976301BB55A3600DF9AEF /* ThreeDimensionalTouchSample */;
			targetProxy = F419764B1BB55A3600DF9AEF /* PBXContainerItemProxy */;
		};
		F41976571BB55A3600DF9AEF /* PBXTargetDependency */ = {
			isa = PBXTargetDependency;
			target = F41976301BB55A3600DF9AEF /* ThreeDimensionalTouchSample */;
			targetProxy = F41976561BB55A3600DF9AEF /* PBXContainerItemProxy */;
		};
/* End PBXTargetDependency section */

/* Begin PBXVariantGroup section */
		F419763D1BB55A3600DF9AEF /* Main.storyboard */ = {
			isa = PBXVariantGroup;
			children = (
				F419763E1BB55A3600DF9AEF /* Base */,
			);
			name = Main.storyboard;
			sourceTree = "<group>";
		};
		F41976421BB55A3600DF9AEF /* LaunchScreen.storyboard */ = {
			isa = PBXVariantGroup;
			children = (
				F41976431BB55A3600DF9AEF /* Base */,
			);
			name = LaunchScreen.storyboard;
			sourceTree = "<group>";
		};
/* End PBXVariantGroup section */

/* Begin XCBuildConfiguration section */
		F419765C1BB55A3600DF9AEF /* Debug */ = {
			isa = XCBuildConfiguration;
			buildSettings = {
				ALWAYS_SEARCH_USER_PATHS = NO;
				CLANG_CXX_LANGUAGE_STANDARD = "gnu++0x";
				CLANG_CXX_LIBRARY = "libc++";
				CLANG_ENABLE_MODULES = YES;
				CLANG_ENABLE_OBJC_ARC = YES;
				CLANG_WARN_BOOL_CONVERSION = YES;
				CLANG_WARN_CONSTANT_CONVERSION = YES;
				CLANG_WARN_DIRECT_OBJC_ISA_USAGE = YES_ERROR;
				CLANG_WARN_EMPTY_BODY = YES;
				CLANG_WARN_ENUM_CONVERSION = YES;
				CLANG_WARN_INT_CONVERSION = YES;
				CLANG_WARN_OBJC_ROOT_CLASS = YES_ERROR;
				CLANG_WARN_UNREACHABLE_CODE = YES;
				CLANG_WARN__DUPLICATE_METHOD_MATCH = YES;
				"CODE_SIGN_IDENTITY[sdk=iphoneos*]" = "iPhone Developer";
				COPY_PHASE_STRIP = NO;
				DEBUG_INFORMATION_FORMAT = dwarf;
				ENABLE_STRICT_OBJC_MSGSEND = YES;
				ENABLE_TESTABILITY = YES;
				GCC_C_LANGUAGE_STANDARD = gnu99;
				GCC_DYNAMIC_NO_PIC = NO;
				GCC_NO_COMMON_BLOCKS = YES;
				GCC_OPTIMIZATION_LEVEL = 0;
				GCC_PREPROCESSOR_DEFINITIONS = (
					"DEBUG=1",
					"$(inherited)",
				);
				GCC_WARN_64_TO_32_BIT_CONVERSION = YES;
				GCC_WARN_ABOUT_RETURN_TYPE = YES_ERROR;
				GCC_WARN_UNDECLARED_SELECTOR = YES;
				GCC_WARN_UNINITIALIZED_AUTOS = YES_AGGRESSIVE;
				GCC_WARN_UNUSED_FUNCTION = YES;
				GCC_WARN_UNUSED_VARIABLE = YES;
				IPHONEOS_DEPLOYMENT_TARGET = 9.0;
				MTL_ENABLE_DEBUG_INFO = YES;
				ONLY_ACTIVE_ARCH = YES;
				SDKROOT = iphoneos;
			};
			name = Debug;
		};
		F419765D1BB55A3600DF9AEF /* Release */ = {
			isa = XCBuildConfiguration;
			buildSettings = {
				ALWAYS_SEARCH_USER_PATHS = NO;
				CLANG_CXX_LANGUAGE_STANDARD = "gnu++0x";
				CLANG_CXX_LIBRARY = "libc++";
				CLANG_ENABLE_MODULES = YES;
				CLANG_ENABLE_OBJC_ARC = YES;
				CLANG_WARN_BOOL_CONVERSION = YES;
				CLANG_WARN_CONSTANT_CONVERSION = YES;
				CLANG_WARN_DIRECT_OBJC_ISA_USAGE = YES_ERROR;
				CLANG_WARN_EMPTY_BODY = YES;
				CLANG_WARN_ENUM_CONVERSION = YES;
				CLANG_WARN_INT_CONVERSION = YES;
				CLANG_WARN_OBJC_ROOT_CLASS = YES_ERROR;
				CLANG_WARN_UNREACHABLE_CODE = YES;
				CLANG_WARN__DUPLICATE_METHOD_MATCH = YES;
				"CODE_SIGN_IDENTITY[sdk=iphoneos*]" = "iPhone Developer";
				COPY_PHASE_STRIP = NO;
				DEBUG_INFORMATION_FORMAT = "dwarf-with-dsym";
				ENABLE_NS_ASSERTIONS = NO;
				ENABLE_STRICT_OBJC_MSGSEND = YES;
				GCC_C_LANGUAGE_STANDARD = gnu99;
				GCC_NO_COMMON_BLOCKS = YES;
				GCC_WARN_64_TO_32_BIT_CONVERSION = YES;
				GCC_WARN_ABOUT_RETURN_TYPE = YES_ERROR;
				GCC_WARN_UNDECLARED_SELECTOR = YES;
				GCC_WARN_UNINITIALIZED_AUTOS = YES_AGGRESSIVE;
				GCC_WARN_UNUSED_FUNCTION = YES;
				GCC_WARN_UNUSED_VARIABLE = YES;
				IPHONEOS_DEPLOYMENT_TARGET = 9.0;
				MTL_ENABLE_DEBUG_INFO = NO;
				SDKROOT = iphoneos;
				VALIDATE_PRODUCT = YES;
			};
			name = Release;
		};
		F419765F1BB55A3600DF9AEF /* Debug */ = {
			isa = XCBuildConfiguration;
			buildSettings = {
				ASSETCATALOG_COMPILER_APPICON_NAME = AppIcon;
				CODE_SIGN_IDENTITY = "iPhone Developer";
				INFOPLIST_FILE = ThreeDimensionalTouchSample/Info.plist;
				LD_RUNPATH_SEARCH_PATHS = "$(inherited) @executable_path/Frameworks";
				PRODUCT_BUNDLE_IDENTIFIER = net.sample.ThreeDimensionalTouchSample;
				PRODUCT_NAME = "$(TARGET_NAME)";
			};
			name = Debug;
		};
		F41976601BB55A3600DF9AEF /* Release */ = {
			isa = XCBuildConfiguration;
			buildSettings = {
				ASSETCATALOG_COMPILER_APPICON_NAME = AppIcon;
				CODE_SIGN_IDENTITY = "iPhone Developer";
				INFOPLIST_FILE = ThreeDimensionalTouchSample/Info.plist;
				LD_RUNPATH_SEARCH_PATHS = "$(inherited) @executable_path/Frameworks";
				PRODUCT_BUNDLE_IDENTIFIER = net.sample.ThreeDimensionalTouchSample;
				PRODUCT_NAME = "$(TARGET_NAME)";
			};
			name = Release;
		};
		F41976621BB55A3600DF9AEF /* Debug */ = {
			isa = XCBuildConfiguration;
			buildSettings = {
				BUNDLE_LOADER = "$(TEST_HOST)";
				INFOPLIST_FILE = ThreeDimensionalTouchSampleTests/Info.plist;
				LD_RUNPATH_SEARCH_PATHS = "$(inherited) @executable_path/Frameworks @loader_path/Frameworks";
				PRODUCT_BUNDLE_IDENTIFIER = net.sample.ThreeDimensionalTouchSampleTests;
				PRODUCT_NAME = "$(TARGET_NAME)";
				TEST_HOST = "$(BUILT_PRODUCTS_DIR)/ThreeDimensionalTouchSample.app/ThreeDimensionalTouchSample";
			};
			name = Debug;
		};
		F41976631BB55A3600DF9AEF /* Release */ = {
			isa = XCBuildConfiguration;
			buildSettings = {
				BUNDLE_LOADER = "$(TEST_HOST)";
				INFOPLIST_FILE = ThreeDimensionalTouchSampleTests/Info.plist;
				LD_RUNPATH_SEARCH_PATHS = "$(inherited) @executable_path/Frameworks @loader_path/Frameworks";
				PRODUCT_BUNDLE_IDENTIFIER = net.sample.ThreeDimensionalTouchSampleTests;
				PRODUCT_NAME = "$(TARGET_NAME)";
				TEST_HOST = "$(BUILT_PRODUCTS_DIR)/ThreeDimensionalTouchSample.app/ThreeDimensionalTouchSample";
			};
			name = Release;
		};
		F41976651BB55A3600DF9AEF /* Debug */ = {
			isa = XCBuildConfiguration;
			buildSettings = {
				INFOPLIST_FILE = ThreeDimensionalTouchSampleUITests/Info.plist;
				LD_RUNPATH_SEARCH_PATHS = "$(inherited) @executable_path/Frameworks @loader_path/Frameworks";
				PRODUCT_BUNDLE_IDENTIFIER = net.sample.ThreeDimensionalTouchSampleUITests;
				PRODUCT_NAME = "$(TARGET_NAME)";
				TEST_TARGET_NAME = ThreeDimensionalTouchSample;
				USES_XCTRUNNER = YES;
			};
			name = Debug;
		};
		F41976661BB55A3600DF9AEF /* Release */ = {
			isa = XCBuildConfiguration;
			buildSettings = {
				INFOPLIST_FILE = ThreeDimensionalTouchSampleUITests/Info.plist;
				LD_RUNPATH_SEARCH_PATHS = "$(inherited) @executable_path/Frameworks @loader_path/Frameworks";
				PRODUCT_BUNDLE_IDENTIFIER = net.sample.ThreeDimensionalTouchSampleUITests;
				PRODUCT_NAME = "$(TARGET_NAME)";
				TEST_TARGET_NAME = ThreeDimensionalTouchSample;
				USES_XCTRUNNER = YES;
			};
			name = Release;
		};
/* End XCBuildConfiguration section */

/* Begin XCConfigurationList section */
		F419762C1BB55A3600DF9AEF /* Build configuration list for PBXProject "ThreeDimensionalTouchSample" */ = {
			isa = XCConfigurationList;
			buildConfigurations = (
				F419765C1BB55A3600DF9AEF /* Debug */,
				F419765D1BB55A3600DF9AEF /* Release */,
			);
			defaultConfigurationIsVisible = 0;
			defaultConfigurationName = Release;
		};
		F419765E1BB55A3600DF9AEF /* Build configuration list for PBXNativeTarget "ThreeDimensionalTouchSample" */ = {
			isa = XCConfigurationList;
			buildConfigurations = (
				F419765F1BB55A3600DF9AEF /* Debug */,
				F41976601BB55A3600DF9AEF /* Release */,
			);
			defaultConfigurationIsVisible = 0;
			defaultConfigurationName = Release;
		};
		F41976611BB55A3600DF9AEF /* Build configuration list for PBXNativeTarget "ThreeDimensionalTouchSampleTests" */ = {
			isa = XCConfigurationList;
			buildConfigurations = (
				F41976621BB55A3600DF9AEF /* Debug */,
				F41976631BB55A3600DF9AEF /* Release */,
			);
			defaultConfigurationIsVisible = 0;
			defaultConfigurationName = Release;
		};
		F41976641BB55A3600DF9AEF /* Build configuration list for PBXNativeTarget "ThreeDimensionalTouchSampleUITests" */ = {
			isa = XCConfigurationList;
			buildConfigurations = (
				F41976651BB55A3600DF9AEF /* Debug */,
				F41976661BB55A3600DF9AEF /* Release */,
			);
			defaultConfigurationIsVisible = 0;
			defaultConfigurationName = Release;
		};
/* End XCConfigurationList section */
	};
	rootObject = F41976291BB55A3600DF9AEF /* Project object */;
}
